Microsoft Visual Studio Solution File, Format Version 12.00
# Visual Studio 15
VisualStudioVersion = 15.0.27004.2008
MinimumVisualStudioVersion = 10.0.40219.1
Project("{FAE04EC0-301F-11D3-BF4B-00C04F79EFBC}") = "LASzip", "LASzip\LASzip.csproj", "{81FB9716-47EF-478C-AFBB-C665C6192881}"
EndProject
Project("{FAE04EC0-301F-11D3-BF4B-00C04F79EFBC}") = "Example", "Example\Example.csproj", "{963DC2A5-6D75-4419-A952-CFB39C2E25BC}"
EndProject
Global
	GlobalSection(SolutionConfigurationPlatforms) = preSolution
		Debug|Any CPU = Debug|Any CPU
		Release|Any CPU = Release|Any CPU
	EndGlobalSection
	GlobalSection(ProjectConfigurationPlatforms) = postSolution
		{81FB9716-47EF-478C-AFBB-C665C6192881}.Debug|Any CPU.ActiveCfg = Debug|Any CPU
		{81FB9716-47EF-478C-AFBB-C665C6192881}.Debug|Any CPU.Build.0 = Debug|Any CPU
		{81FB9716-47EF-478C-AFBB-C665C6192881}.Release|Any CPU.ActiveCfg = Release|Any CPU
		{81FB9716-47EF-478C-AFBB-C665C6192881}.Release|Any CPU.Build.0 = Release|Any CPU
		{963DC2A5-6D75-4419-A952-CFB39C2E25BC}.Debug|Any CPU.ActiveCfg = Debug|Any CPU
		{963DC2A5-6D75-4419-A952-CFB39C2E25BC}.Debug|Any CPU.Build.0 = Debug|Any CPU
		{963DC2A5-6D75-4419-A952-CFB39C2E25BC}.Release|Any CPU.ActiveCfg = Release|Any CPU
		{963DC2A5-6D75-4419-A952-CFB39C2E25BC}.Release|Any CPU.Build.0 = Release|Any CPU
	EndGlobalSection
	GlobalSection(SolutionProperties) = preSolution
		HideSolutionNode = FALSE
	EndGlobalSection
	GlobalSection(ExtensibilityGlobals) = postSolution
		SolutionGuid = {E996B5E6-49B2-4479-9DDE-455A40509F43}
		EnterpriseLibraryConfigurationToolBinariesPathV6 = packages\EnterpriseLibrary.TransientFaultHandling.6.0.1304.0\lib\portable-net45+win+wp8;packages\EnterpriseLibrary.TransientFaultHandling.Data.6.0.1304.1\lib\NET45
	EndGlobalSection
EndGlobal
